// !$*UTF8*$!
{
	archiveVersion = 1;
	classes = {
	};
	objectVersion = 51;
	objects = {

/* Begin PBXBuildFile section */
		8B042BD99317D0FA0DA38194 /* Pods_UNIP_Plus.framework in Frameworks */ = {isa = PBXBuildFile; fileRef = 338E027C2D4D750196B2E673 /* Pods_UNIP_Plus.framework */; };
		A289EAF519BEB974ACAD8F6D /* Pods_UNIP_PlusTests.framework in Frameworks */ = {isa = PBXBuildFile; fileRef = 5B3A8B7C07F25630E5BBC420 /* Pods_UNIP_PlusTests.framework */; };
		A61635782333D4AF00177DFD /* LoginViewController.swift in Sources */ = {isa = PBXBuildFile; fileRef = A61635762333D4AF00177DFD /* LoginViewController.swift */; };
		A616357A2333D4AF00177DFD /* LoginViewController.xib in Resources */ = {isa = PBXBuildFile; fileRef = A61635772333D4AF00177DFD /* LoginViewController.xib */; };
		A616357D2333D56F00177DFD /* SplashScreen.xib in Resources */ = {isa = PBXBuildFile; fileRef = A616357C2333D56F00177DFD /* SplashScreen.xib */; };
		A616357F2333D6BC00177DFD /* LoginViewModel.swift in Sources */ = {isa = PBXBuildFile; fileRef = A616357E2333D6BC00177DFD /* LoginViewModel.swift */; };
		A61635862333EAE700177DFD /* GoogleService-Info.plist in Resources */ = {isa = PBXBuildFile; fileRef = A61635852333EAE700177DFD /* GoogleService-Info.plist */; };
		A61635872333EAE700177DFD /* GoogleService-Info.plist in Resources */ = {isa = PBXBuildFile; fileRef = A61635852333EAE700177DFD /* GoogleService-Info.plist */; };
		A616358A2334295500177DFD /* BaseCoordinator.swift in Sources */ = {isa = PBXBuildFile; fileRef = A61635892334295500177DFD /* BaseCoordinator.swift */; };
		A616358C233429C000177DFD /* LoginCoordinator.swift in Sources */ = {isa = PBXBuildFile; fileRef = A616358B233429C000177DFD /* LoginCoordinator.swift */; };
		A616358E23342C2600177DFD /* BaseViewController.swift in Sources */ = {isa = PBXBuildFile; fileRef = A616358D23342C2600177DFD /* BaseViewController.swift */; };
		A61635922334313F00177DFD /* HomeViewController.swift in Sources */ = {isa = PBXBuildFile; fileRef = A61635902334313F00177DFD /* HomeViewController.swift */; };
		A61635952334315500177DFD /* HomeCoordinator.swift in Sources */ = {isa = PBXBuildFile; fileRef = A61635942334315500177DFD /* HomeCoordinator.swift */; };
		A616359C2335038A00177DFD /* DisciplinesViewController.swift in Sources */ = {isa = PBXBuildFile; fileRef = A616359A2335038A00177DFD /* DisciplinesViewController.swift */; };
		A616359D2335038A00177DFD /* DisciplinesViewController.xib in Resources */ = {isa = PBXBuildFile; fileRef = A616359B2335038A00177DFD /* DisciplinesViewController.xib */; };
		A61635A02335049C00177DFD /* AcademicRecordsViewController.swift in Sources */ = {isa = PBXBuildFile; fileRef = A616359E2335049C00177DFD /* AcademicRecordsViewController.swift */; };
		A61635A12335049C00177DFD /* AcademicRecordsViewController.xib in Resources */ = {isa = PBXBuildFile; fileRef = A616359F2335049C00177DFD /* AcademicRecordsViewController.xib */; };
		A61635A42335051500177DFD /* PaymentsViewController.swift in Sources */ = {isa = PBXBuildFile; fileRef = A61635A22335051500177DFD /* PaymentsViewController.swift */; };
		A61635A52335051500177DFD /* PaymentsViewController.xib in Resources */ = {isa = PBXBuildFile; fileRef = A61635A32335051500177DFD /* PaymentsViewController.xib */; };
		A61635A72335401A00177DFD /* HomeViewController.xib in Resources */ = {isa = PBXBuildFile; fileRef = A61635A62335401A00177DFD /* HomeViewController.xib */; };
		A61635A92335407400177DFD /* BaseViewModel.swift in Sources */ = {isa = PBXBuildFile; fileRef = A61635A82335407400177DFD /* BaseViewModel.swift */; };
		A61635AB23354D5A00177DFD /* HomeViewModel.swift in Sources */ = {isa = PBXBuildFile; fileRef = A61635AA23354D5A00177DFD /* HomeViewModel.swift */; };
		A61635AD23354D8300177DFD /* DisciplinesViewModel.swift in Sources */ = {isa = PBXBuildFile; fileRef = A61635AC23354D8300177DFD /* DisciplinesViewModel.swift */; };
		A61635AF23354DB300177DFD /* PaymentsViewModel.swift in Sources */ = {isa = PBXBuildFile; fileRef = A61635AE23354DB300177DFD /* PaymentsViewModel.swift */; };
		A61635B123354DDB00177DFD /* AcademicRecordsViewModel.swift in Sources */ = {isa = PBXBuildFile; fileRef = A61635B023354DDB00177DFD /* AcademicRecordsViewModel.swift */; };
		A61635B42335661700177DFD /* UIViewControllerExtension.swift in Sources */ = {isa = PBXBuildFile; fileRef = A61635B32335661700177DFD /* UIViewControllerExtension.swift */; };
		A633DE94237CB17C00629D64 /* SemesterStatusView.swift in Sources */ = {isa = PBXBuildFile; fileRef = A633DE93237CB17C00629D64 /* SemesterStatusView.swift */; };
		A633DE96237CB19300629D64 /* SemesterStatusView.xib in Resources */ = {isa = PBXBuildFile; fileRef = A633DE95237CB19300629D64 /* SemesterStatusView.xib */; };
		A6468FC5234CBE2E00B867AA /* BackgroudView.swift in Sources */ = {isa = PBXBuildFile; fileRef = A6468FC4234CBE2E00B867AA /* BackgroudView.swift */; };
		A65D72C6233AB78500C72007 /* MenuViewController.swift in Sources */ = {isa = PBXBuildFile; fileRef = A65D72C4233AB78500C72007 /* MenuViewController.swift */; };
		A65D72C7233AB78500C72007 /* MenuViewController.xib in Resources */ = {isa = PBXBuildFile; fileRef = A65D72C5233AB78500C72007 /* MenuViewController.xib */; };
		A65D72D1233C0A5500C72007 /* PaymentCell.swift in Sources */ = {isa = PBXBuildFile; fileRef = A65D72CF233C0A5500C72007 /* PaymentCell.swift */; };
		A65D72D2233C0A5500C72007 /* PaymentCell.xib in Resources */ = {isa = PBXBuildFile; fileRef = A65D72D0233C0A5500C72007 /* PaymentCell.xib */; };
		A65D72D4233C0A8000C72007 /* PaymentsSectionView.swift in Sources */ = {isa = PBXBuildFile; fileRef = A65D72D3233C0A8000C72007 /* PaymentsSectionView.swift */; };
		A65D72D6233C0A9800C72007 /* PaymentsSectionView.xib in Resources */ = {isa = PBXBuildFile; fileRef = A65D72D5233C0A9800C72007 /* PaymentsSectionView.xib */; };
		A66B06D624031A6B00FA47E0 /* GoogleAdTableViewCell.swift in Sources */ = {isa = PBXBuildFile; fileRef = A66B06D424031A6B00FA47E0 /* GoogleAdTableViewCell.swift */; };
		A66B06D724031A6B00FA47E0 /* GoogleAdTableViewCell.xib in Resources */ = {isa = PBXBuildFile; fileRef = A66B06D524031A6B00FA47E0 /* GoogleAdTableViewCell.xib */; };
		A67008252332DE25000C632C /* AppDelegate.swift in Sources */ = {isa = PBXBuildFile; fileRef = A67008242332DE25000C632C /* AppDelegate.swift */; };
		A670082C2332DE25000C632C /* Assets.xcassets in Resources */ = {isa = PBXBuildFile; fileRef = A670082B2332DE25000C632C /* Assets.xcassets */; };
		A670083A2332DE25000C632C /* UNIP_PlusTests.swift in Sources */ = {isa = PBXBuildFile; fileRef = A67008392332DE25000C632C /* UNIP_PlusTests.swift */; };
		A698D2B1239865CD00E2A120 /* GoogleAdsManager.swift in Sources */ = {isa = PBXBuildFile; fileRef = A698D2B0239865CD00E2A120 /* GoogleAdsManager.swift */; };
		A698D2B3239865E100E2A120 /* GoogleAnalyticsManager.swift in Sources */ = {isa = PBXBuildFile; fileRef = A698D2B2239865E100E2A120 /* GoogleAnalyticsManager.swift */; };
		A698D2B52398662800E2A120 /* GoogleRemoteManager.swift in Sources */ = {isa = PBXBuildFile; fileRef = A698D2B42398662800E2A120 /* GoogleRemoteManager.swift */; };
		A69CD123235783E300A6039C /* Theme.swift in Sources */ = {isa = PBXBuildFile; fileRef = A69CD122235783E300A6039C /* Theme.swift */; };
		A6ADD833237C4B66001DD764 /* UserInfo.json in Resources */ = {isa = PBXBuildFile; fileRef = A6ADD832237C4B66001DD764 /* UserInfo.json */; };
		A6ADD834237C4B66001DD764 /* UserInfo.json in Resources */ = {isa = PBXBuildFile; fileRef = A6ADD832237C4B66001DD764 /* UserInfo.json */; };
		A6ADD836237C4B92001DD764 /* Grades.json in Resources */ = {isa = PBXBuildFile; fileRef = A6ADD835237C4B92001DD764 /* Grades.json */; };
		A6ADD837237C4B92001DD764 /* Grades.json in Resources */ = {isa = PBXBuildFile; fileRef = A6ADD835237C4B92001DD764 /* Grades.json */; };
		A6ADD839237C4BB6001DD764 /* Payments.json in Resources */ = {isa = PBXBuildFile; fileRef = A6ADD838237C4BB6001DD764 /* Payments.json */; };
		A6ADD83A237C4BB6001DD764 /* Payments.json in Resources */ = {isa = PBXBuildFile; fileRef = A6ADD838237C4BB6001DD764 /* Payments.json */; };
		A6ADD83C237C4BE9001DD764 /* AcademicRecords.json in Resources */ = {isa = PBXBuildFile; fileRef = A6ADD83B237C4BE9001DD764 /* AcademicRecords.json */; };
		A6ADD83D237C4BE9001DD764 /* AcademicRecords.json in Resources */ = {isa = PBXBuildFile; fileRef = A6ADD83B237C4BE9001DD764 /* AcademicRecords.json */; };
		A6B187C6233D063A00233F4C /* BaseUIPageView.swift in Sources */ = {isa = PBXBuildFile; fileRef = A6B187C5233D063A00233F4C /* BaseUIPageView.swift */; };
		A6B187C9233D341200233F4C /* BaseUITableView.swift in Sources */ = {isa = PBXBuildFile; fileRef = A6B187C8233D341200233F4C /* BaseUITableView.swift */; };
		A6B187CB233D437700233F4C /* Disciplines.swift in Sources */ = {isa = PBXBuildFile; fileRef = A6B187CA233D437700233F4C /* Disciplines.swift */; };
		A6B187CE233D43B900233F4C /* GradesGroup.swift in Sources */ = {isa = PBXBuildFile; fileRef = A6B187CD233D43B900233F4C /* GradesGroup.swift */; };
		A6B187D0233D43D800233F4C /* Grade.swift in Sources */ = {isa = PBXBuildFile; fileRef = A6B187CF233D43D800233F4C /* Grade.swift */; };
		A6B187D3233D446100233F4C /* Message.swift in Sources */ = {isa = PBXBuildFile; fileRef = A6B187D2233D446100233F4C /* Message.swift */; };
		A6B187D5233D465D00233F4C /* GradeStatus.swift in Sources */ = {isa = PBXBuildFile; fileRef = A6B187D4233D465D00233F4C /* GradeStatus.swift */; };
		A6BD96AD233947410046E7C5 /* DisciplineCell.swift in Sources */ = {isa = PBXBuildFile; fileRef = A6BD96AB233947410046E7C5 /* DisciplineCell.swift */; };
		A6BD96AE233947410046E7C5 /* DisciplineCell.xib in Resources */ = {isa = PBXBuildFile; fileRef = A6BD96AC233947410046E7C5 /* DisciplineCell.xib */; };
		A6BD96B0233947700046E7C5 /* DisciplinesSectionView.swift in Sources */ = {isa = PBXBuildFile; fileRef = A6BD96AF233947700046E7C5 /* DisciplinesSectionView.swift */; };
		A6BD96B2233947800046E7C5 /* DisciplinesSectionView.xib in Resources */ = {isa = PBXBuildFile; fileRef = A6BD96B1233947800046E7C5 /* DisciplinesSectionView.xib */; };
		A6BD96B4233949A20046E7C5 /* UITableViewExtension.swift in Sources */ = {isa = PBXBuildFile; fileRef = A6BD96B3233949A20046E7C5 /* UITableViewExtension.swift */; };
		A6BD96B623394F3B0046E7C5 /* DictionaryExtension.swift in Sources */ = {isa = PBXBuildFile; fileRef = A6BD96B523394F3B0046E7C5 /* DictionaryExtension.swift */; };
		A6DF589B234C0FCE00055003 /* Colors.xcassets in Resources */ = {isa = PBXBuildFile; fileRef = A6DF589A234C0FCE00055003 /* Colors.xcassets */; };
		A6DF58A0234C112F00055003 /* UserConfiguration.swift in Sources */ = {isa = PBXBuildFile; fileRef = A6DF589F234C112F00055003 /* UserConfiguration.swift */; };
		A6DF58A2234C11B900055003 /* UserRepository.swift in Sources */ = {isa = PBXBuildFile; fileRef = A6DF58A1234C11B900055003 /* UserRepository.swift */; };
		A6E313E2233D4F2400841A01 /* LoginResponse.swift in Sources */ = {isa = PBXBuildFile; fileRef = A6E313E1233D4F2400841A01 /* LoginResponse.swift */; };
		A6E313E5233D575B00841A01 /* PaymentsInfo.swift in Sources */ = {isa = PBXBuildFile; fileRef = A6E313E4233D575B00841A01 /* PaymentsInfo.swift */; };
		A6E313E7233D577E00841A01 /* PaymentsGroup.swift in Sources */ = {isa = PBXBuildFile; fileRef = A6E313E6233D577E00841A01 /* PaymentsGroup.swift */; };
		A6E313E9233D57A000841A01 /* Payment.swift in Sources */ = {isa = PBXBuildFile; fileRef = A6E313E8233D57A000841A01 /* Payment.swift */; };
		A6F2117C241342F800CA2C84 /* BaseModel.swift in Sources */ = {isa = PBXBuildFile; fileRef = A6F2117B241342F800CA2C84 /* BaseModel.swift */; };
		A6F2117D241342F800CA2C84 /* BaseModel.swift in Sources */ = {isa = PBXBuildFile; fileRef = A6F2117B241342F800CA2C84 /* BaseModel.swift */; };
		A6F2117F24146FB300CA2C84 /* BaseAdapter.swift in Sources */ = {isa = PBXBuildFile; fileRef = A6F2117E24146FB300CA2C84 /* BaseAdapter.swift */; };
		A6F211972416C3B000CA2C84 /* UnipPlusApiClient.swift in Sources */ = {isa = PBXBuildFile; fileRef = A6F211962416C3B000CA2C84 /* UnipPlusApiClient.swift */; };
		A6F211A42416CC8400CA2C84 /* UnipPlusApiClientTests.swift in Sources */ = {isa = PBXBuildFile; fileRef = A6F211A32416CC8400CA2C84 /* UnipPlusApiClientTests.swift */; };
		A6F211A72416E2C500CA2C84 /* Credentials.swift in Sources */ = {isa = PBXBuildFile; fileRef = A6F211A62416E2C500CA2C84 /* Credentials.swift */; };
		A6F211A82416E2C500CA2C84 /* Credentials.swift in Sources */ = {isa = PBXBuildFile; fileRef = A6F211A62416E2C500CA2C84 /* Credentials.swift */; };
		A6F211A92416E34A00CA2C84 /* LoginResponse.swift in Sources */ = {isa = PBXBuildFile; fileRef = A6E313E1233D4F2400841A01 /* LoginResponse.swift */; };
		A6F34851233D626F0088C15A /* JSONHelper.swift in Sources */ = {isa = PBXBuildFile; fileRef = A6F34850233D626F0088C15A /* JSONHelper.swift */; };
/* End PBXBuildFile section */

/* Begin PBXContainerItemProxy section */
		A67008362332DE25000C632C /* PBXContainerItemProxy */ = {
			isa = PBXContainerItemProxy;
			containerPortal = A67008192332DE25000C632C /* Project object */;
			proxyType = 1;
			remoteGlobalIDString = A67008202332DE25000C632C;
			remoteInfo = "UNIP Plus";
		};
/* End PBXContainerItemProxy section */

/* Begin PBXFileReference section */
		17F5DB1F015CDC3BC3595726 /* Pods-UNIP Plus.debug.xcconfig */ = {isa = PBXFileReference; includeInIndex = 1; lastKnownFileType = text.xcconfig; name = "Pods-UNIP Plus.debug.xcconfig"; path = "Pods/Target Support Files/Pods-UNIP Plus/Pods-UNIP Plus.debug.xcconfig"; sourceTree = "<group>"; };
		338E027C2D4D750196B2E673 /* Pods_UNIP_Plus.framework */ = {isa = PBXFileReference; explicitFileType = wrapper.framework; includeInIndex = 0; path = Pods_UNIP_Plus.framework; sourceTree = BUILT_PRODUCTS_DIR; };
		39C8CD721DF6224787DB5AF2 /* Pods-UNIP Plus.release.xcconfig */ = {isa = PBXFileReference; includeInIndex = 1; lastKnownFileType = text.xcconfig; name = "Pods-UNIP Plus.release.xcconfig"; path = "Pods/Target Support Files/Pods-UNIP Plus/Pods-UNIP Plus.release.xcconfig"; sourceTree = "<group>"; };
		4C809124FC9ABEC9A3D4A6BA /* Pods-UNIP PlusTests.debug.xcconfig */ = {isa = PBXFileReference; includeInIndex = 1; lastKnownFileType = text.xcconfig; name = "Pods-UNIP PlusTests.debug.xcconfig"; path = "Pods/Target Support Files/Pods-UNIP PlusTests/Pods-UNIP PlusTests.debug.xcconfig"; sourceTree = "<group>"; };
		5B3A8B7C07F25630E5BBC420 /* Pods_UNIP_PlusTests.framework */ = {isa = PBXFileReference; explicitFileType = wrapper.framework; includeInIndex = 0; path = Pods_UNIP_PlusTests.framework; sourceTree = BUILT_PRODUCTS_DIR; };
		A61635762333D4AF00177DFD /* LoginViewController.swift */ = {isa = PBXFileReference; lastKnownFileType = sourcecode.swift; path = LoginViewController.swift; sourceTree = "<group>"; };
		A61635772333D4AF00177DFD /* LoginViewController.xib */ = {isa = PBXFileReference; lastKnownFileType = file.xib; path = LoginViewController.xib; sourceTree = "<group>"; };
		A616357C2333D56F00177DFD /* SplashScreen.xib */ = {isa = PBXFileReference; lastKnownFileType = file.xib; path = SplashScreen.xib; sourceTree = "<group>"; };
		A616357E2333D6BC00177DFD /* LoginViewModel.swift */ = {isa = PBXFileReference; lastKnownFileType = sourcecode.swift; path = LoginViewModel.swift; sourceTree = "<group>"; };
		A61635852333EAE700177DFD /* GoogleService-Info.plist */ = {isa = PBXFileReference; fileEncoding = 4; lastKnownFileType = text.plist.xml; path = "GoogleService-Info.plist"; sourceTree = "<group>"; };
		A61635892334295500177DFD /* BaseCoordinator.swift */ = {isa = PBXFileReference; lastKnownFileType = sourcecode.swift; path = BaseCoordinator.swift; sourceTree = "<group>"; };
		A616358B233429C000177DFD /* LoginCoordinator.swift */ = {isa = PBXFileReference; lastKnownFileType = sourcecode.swift; path = LoginCoordinator.swift; sourceTree = "<group>"; };
		A616358D23342C2600177DFD /* BaseViewController.swift */ = {isa = PBXFileReference; lastKnownFileType = sourcecode.swift; path = BaseViewController.swift; sourceTree = "<group>"; };
		A61635902334313F00177DFD /* HomeViewController.swift */ = {isa = PBXFileReference; lastKnownFileType = sourcecode.swift; path = HomeViewController.swift; sourceTree = "<group>"; };
		A61635942334315500177DFD /* HomeCoordinator.swift */ = {isa = PBXFileReference; lastKnownFileType = sourcecode.swift; path = HomeCoordinator.swift; sourceTree = "<group>"; };
		A616359A2335038A00177DFD /* DisciplinesViewController.swift */ = {isa = PBXFileReference; lastKnownFileType = sourcecode.swift; path = DisciplinesViewController.swift; sourceTree = "<group>"; };
		A616359B2335038A00177DFD /* DisciplinesViewController.xib */ = {isa = PBXFileReference; lastKnownFileType = file.xib; path = DisciplinesViewController.xib; sourceTree = "<group>"; };
		A616359E2335049C00177DFD /* AcademicRecordsViewController.swift */ = {isa = PBXFileReference; lastKnownFileType = sourcecode.swift; path = AcademicRecordsViewController.swift; sourceTree = "<group>"; };
		A616359F2335049C00177DFD /* AcademicRecordsViewController.xib */ = {isa = PBXFileReference; lastKnownFileType = file.xib; path = AcademicRecordsViewController.xib; sourceTree = "<group>"; };
		A61635A22335051500177DFD /* PaymentsViewController.swift */ = {isa = PBXFileReference; lastKnownFileType = sourcecode.swift; path = PaymentsViewController.swift; sourceTree = "<group>"; };
		A61635A32335051500177DFD /* PaymentsViewController.xib */ = {isa = PBXFileReference; lastKnownFileType = file.xib; path = PaymentsViewController.xib; sourceTree = "<group>"; };
		A61635A62335401A00177DFD /* HomeViewController.xib */ = {isa = PBXFileReference; lastKnownFileType = file.xib; path = HomeViewController.xib; sourceTree = "<group>"; };
		A61635A82335407400177DFD /* BaseViewModel.swift */ = {isa = PBXFileReference; lastKnownFileType = sourcecode.swift; path = BaseViewModel.swift; sourceTree = "<group>"; };
		A61635AA23354D5A00177DFD /* HomeViewModel.swift */ = {isa = PBXFileReference; lastKnownFileType = sourcecode.swift; path = HomeViewModel.swift; sourceTree = "<group>"; };
		A61635AC23354D8300177DFD /* DisciplinesViewModel.swift */ = {isa = PBXFileReference; lastKnownFileType = sourcecode.swift; path = DisciplinesViewModel.swift; sourceTree = "<group>"; };
		A61635AE23354DB300177DFD /* PaymentsViewModel.swift */ = {isa = PBXFileReference; lastKnownFileType = sourcecode.swift; path = PaymentsViewModel.swift; sourceTree = "<group>"; };
		A61635B023354DDB00177DFD /* AcademicRecordsViewModel.swift */ = {isa = PBXFileReference; lastKnownFileType = sourcecode.swift; path = AcademicRecordsViewModel.swift; sourceTree = "<group>"; };
		A61635B32335661700177DFD /* UIViewControllerExtension.swift */ = {isa = PBXFileReference; lastKnownFileType = sourcecode.swift; path = UIViewControllerExtension.swift; sourceTree = "<group>"; };
		A633DE93237CB17C00629D64 /* SemesterStatusView.swift */ = {isa = PBXFileReference; lastKnownFileType = sourcecode.swift; path = SemesterStatusView.swift; sourceTree = "<group>"; };
		A633DE95237CB19300629D64 /* SemesterStatusView.xib */ = {isa = PBXFileReference; lastKnownFileType = file.xib; path = SemesterStatusView.xib; sourceTree = "<group>"; };
		A6468FC4234CBE2E00B867AA /* BackgroudView.swift */ = {isa = PBXFileReference; lastKnownFileType = sourcecode.swift; path = BackgroudView.swift; sourceTree = "<group>"; };
		A65D72C4233AB78500C72007 /* MenuViewController.swift */ = {isa = PBXFileReference; lastKnownFileType = sourcecode.swift; path = MenuViewController.swift; sourceTree = "<group>"; };
		A65D72C5233AB78500C72007 /* MenuViewController.xib */ = {isa = PBXFileReference; lastKnownFileType = file.xib; path = MenuViewController.xib; sourceTree = "<group>"; };
		A65D72CF233C0A5500C72007 /* PaymentCell.swift */ = {isa = PBXFileReference; lastKnownFileType = sourcecode.swift; path = PaymentCell.swift; sourceTree = "<group>"; };
		A65D72D0233C0A5500C72007 /* PaymentCell.xib */ = {isa = PBXFileReference; lastKnownFileType = file.xib; path = PaymentCell.xib; sourceTree = "<group>"; };
		A65D72D3233C0A8000C72007 /* PaymentsSectionView.swift */ = {isa = PBXFileReference; lastKnownFileType = sourcecode.swift; path = PaymentsSectionView.swift; sourceTree = "<group>"; };
		A65D72D5233C0A9800C72007 /* PaymentsSectionView.xib */ = {isa = PBXFileReference; lastKnownFileType = file.xib; path = PaymentsSectionView.xib; sourceTree = "<group>"; };
		A66B06D424031A6B00FA47E0 /* GoogleAdTableViewCell.swift */ = {isa = PBXFileReference; lastKnownFileType = sourcecode.swift; path = GoogleAdTableViewCell.swift; sourceTree = "<group>"; };
		A66B06D524031A6B00FA47E0 /* GoogleAdTableViewCell.xib */ = {isa = PBXFileReference; lastKnownFileType = file.xib; path = GoogleAdTableViewCell.xib; sourceTree = "<group>"; };
		A67008212332DE25000C632C /* UNIP Plus.app */ = {isa = PBXFileReference; explicitFileType = wrapper.application; includeInIndex = 0; path = "UNIP Plus.app"; sourceTree = BUILT_PRODUCTS_DIR; };
		A67008242332DE25000C632C /* AppDelegate.swift */ = {isa = PBXFileReference; lastKnownFileType = sourcecode.swift; path = AppDelegate.swift; sourceTree = "<group>"; };
		A670082B2332DE25000C632C /* Assets.xcassets */ = {isa = PBXFileReference; lastKnownFileType = folder.assetcatalog; path = Assets.xcassets; sourceTree = "<group>"; };
		A67008302332DE25000C632C /* Info.plist */ = {isa = PBXFileReference; lastKnownFileType = text.plist.xml; path = Info.plist; sourceTree = "<group>"; };
		A67008352332DE25000C632C /* UNIP PlusTests.xctest */ = {isa = PBXFileReference; explicitFileType = wrapper.cfbundle; includeInIndex = 0; path = "UNIP PlusTests.xctest"; sourceTree = BUILT_PRODUCTS_DIR; };
		A67008392332DE25000C632C /* UNIP_PlusTests.swift */ = {isa = PBXFileReference; lastKnownFileType = sourcecode.swift; path = UNIP_PlusTests.swift; sourceTree = "<group>"; };
		A670083B2332DE25000C632C /* Info.plist */ = {isa = PBXFileReference; lastKnownFileType = text.plist.xml; path = Info.plist; sourceTree = "<group>"; };
		A698D2B0239865CD00E2A120 /* GoogleAdsManager.swift */ = {isa = PBXFileReference; lastKnownFileType = sourcecode.swift; path = GoogleAdsManager.swift; sourceTree = "<group>"; };
		A698D2B2239865E100E2A120 /* GoogleAnalyticsManager.swift */ = {isa = PBXFileReference; lastKnownFileType = sourcecode.swift; path = GoogleAnalyticsManager.swift; sourceTree = "<group>"; };
		A698D2B42398662800E2A120 /* GoogleRemoteManager.swift */ = {isa = PBXFileReference; lastKnownFileType = sourcecode.swift; path = GoogleRemoteManager.swift; sourceTree = "<group>"; };
		A69CD122235783E300A6039C /* Theme.swift */ = {isa = PBXFileReference; lastKnownFileType = sourcecode.swift; path = Theme.swift; sourceTree = "<group>"; };
		A6ADD832237C4B66001DD764 /* UserInfo.json */ = {isa = PBXFileReference; lastKnownFileType = text.json; path = UserInfo.json; sourceTree = "<group>"; };
		A6ADD835237C4B92001DD764 /* Grades.json */ = {isa = PBXFileReference; lastKnownFileType = text.json; path = Grades.json; sourceTree = "<group>"; };
		A6ADD838237C4BB6001DD764 /* Payments.json */ = {isa = PBXFileReference; lastKnownFileType = text.json; path = Payments.json; sourceTree = "<group>"; };
		A6ADD83B237C4BE9001DD764 /* AcademicRecords.json */ = {isa = PBXFileReference; lastKnownFileType = text.json; path = AcademicRecords.json; sourceTree = "<group>"; };
		A6B187C5233D063A00233F4C /* BaseUIPageView.swift */ = {isa = PBXFileReference; lastKnownFileType = sourcecode.swift; path = BaseUIPageView.swift; sourceTree = "<group>"; };
		A6B187C8233D341200233F4C /* BaseUITableView.swift */ = {isa = PBXFileReference; lastKnownFileType = sourcecode.swift; path = BaseUITableView.swift; sourceTree = "<group>"; };
		A6B187CA233D437700233F4C /* Disciplines.swift */ = {isa = PBXFileReference; lastKnownFileType = sourcecode.swift; path = Disciplines.swift; sourceTree = "<group>"; };
		A6B187CD233D43B900233F4C /* GradesGroup.swift */ = {isa = PBXFileReference; lastKnownFileType = sourcecode.swift; path = GradesGroup.swift; sourceTree = "<group>"; };
		A6B187CF233D43D800233F4C /* Grade.swift */ = {isa = PBXFileReference; lastKnownFileType = sourcecode.swift; path = Grade.swift; sourceTree = "<group>"; };
		A6B187D2233D446100233F4C /* Message.swift */ = {isa = PBXFileReference; lastKnownFileType = sourcecode.swift; path = Message.swift; sourceTree = "<group>"; };
		A6B187D4233D465D00233F4C /* GradeStatus.swift */ = {isa = PBXFileReference; lastKnownFileType = sourcecode.swift; path = GradeStatus.swift; sourceTree = "<group>"; };
		A6BD96AB233947410046E7C5 /* DisciplineCell.swift */ = {isa = PBXFileReference; lastKnownFileType = sourcecode.swift; path = DisciplineCell.swift; sourceTree = "<group>"; };
		A6BD96AC233947410046E7C5 /* DisciplineCell.xib */ = {isa = PBXFileReference; lastKnownFileType = file.xib; path = DisciplineCell.xib; sourceTree = "<group>"; };
		A6BD96AF233947700046E7C5 /* DisciplinesSectionView.swift */ = {isa = PBXFileReference; lastKnownFileType = sourcecode.swift; path = DisciplinesSectionView.swift; sourceTree = "<group>"; };
		A6BD96B1233947800046E7C5 /* DisciplinesSectionView.xib */ = {isa = PBXFileReference; lastKnownFileType = file.xib; path = DisciplinesSectionView.xib; sourceTree = "<group>"; };
		A6BD96B3233949A20046E7C5 /* UITableViewExtension.swift */ = {isa = PBXFileReference; lastKnownFileType = sourcecode.swift; path = UITableViewExtension.swift; sourceTree = "<group>"; };
		A6BD96B523394F3B0046E7C5 /* DictionaryExtension.swift */ = {isa = PBXFileReference; lastKnownFileType = sourcecode.swift; path = DictionaryExtension.swift; sourceTree = "<group>"; };
		A6DF589A234C0FCE00055003 /* Colors.xcassets */ = {isa = PBXFileReference; lastKnownFileType = folder.assetcatalog; path = Colors.xcassets; sourceTree = "<group>"; };
		A6DF589F234C112F00055003 /* UserConfiguration.swift */ = {isa = PBXFileReference; lastKnownFileType = sourcecode.swift; path = UserConfiguration.swift; sourceTree = "<group>"; };
		A6DF58A1234C11B900055003 /* UserRepository.swift */ = {isa = PBXFileReference; lastKnownFileType = sourcecode.swift; path = UserRepository.swift; sourceTree = "<group>"; };
		A6E313E1233D4F2400841A01 /* LoginResponse.swift */ = {isa = PBXFileReference; lastKnownFileType = sourcecode.swift; path = LoginResponse.swift; sourceTree = "<group>"; };
		A6E313E4233D575B00841A01 /* PaymentsInfo.swift */ = {isa = PBXFileReference; lastKnownFileType = sourcecode.swift; path = PaymentsInfo.swift; sourceTree = "<group>"; };
		A6E313E6233D577E00841A01 /* PaymentsGroup.swift */ = {isa = PBXFileReference; lastKnownFileType = sourcecode.swift; path = PaymentsGroup.swift; sourceTree = "<group>"; };
		A6E313E8233D57A000841A01 /* Payment.swift */ = {isa = PBXFileReference; lastKnownFileType = sourcecode.swift; path = Payment.swift; sourceTree = "<group>"; };
		A6F2117B241342F800CA2C84 /* BaseModel.swift */ = {isa = PBXFileReference; lastKnownFileType = sourcecode.swift; path = BaseModel.swift; sourceTree = "<group>"; };
		A6F2117E24146FB300CA2C84 /* BaseAdapter.swift */ = {isa = PBXFileReference; lastKnownFileType = sourcecode.swift; path = BaseAdapter.swift; sourceTree = "<group>"; };
		A6F211962416C3B000CA2C84 /* UnipPlusApiClient.swift */ = {isa = PBXFileReference; fileEncoding = 4; lastKnownFileType = sourcecode.swift; path = UnipPlusApiClient.swift; sourceTree = "<group>"; };
		A6F211992416C40600CA2C84 /* UNIP Plus-Bridging-Header.h */ = {isa = PBXFileReference; lastKnownFileType = sourcecode.c.h; path = "UNIP Plus-Bridging-Header.h"; sourceTree = "<group>"; };
		A6F2119A2416C40600CA2C84 /* UNIP PlusTests-Bridging-Header.h */ = {isa = PBXFileReference; lastKnownFileType = sourcecode.c.h; path = "UNIP PlusTests-Bridging-Header.h"; sourceTree = "<group>"; };
		A6F2119F2416C44100CA2C84 /* AWSApiGatewayBridge.h */ = {isa = PBXFileReference; fileEncoding = 4; lastKnownFileType = sourcecode.c.h; path = AWSApiGatewayBridge.h; sourceTree = "<group>"; };
		A6F211A32416CC8400CA2C84 /* UnipPlusApiClientTests.swift */ = {isa = PBXFileReference; lastKnownFileType = sourcecode.swift; path = UnipPlusApiClientTests.swift; sourceTree = "<group>"; };
		A6F211A62416E2C500CA2C84 /* Credentials.swift */ = {isa = PBXFileReference; lastKnownFileType = sourcecode.swift; path = Credentials.swift; sourceTree = "<group>"; };
		A6F34850233D626F0088C15A /* JSONHelper.swift */ = {isa = PBXFileReference; lastKnownFileType = sourcecode.swift; path = JSONHelper.swift; sourceTree = "<group>"; };
		AF28D265D2EEE085B25F3E57 /* Pods-UNIP PlusTests.release.xcconfig */ = {isa = PBXFileReference; includeInIndex = 1; lastKnownFileType = text.xcconfig; name = "Pods-UNIP PlusTests.release.xcconfig"; path = "Pods/Target Support Files/Pods-UNIP PlusTests/Pods-UNIP PlusTests.release.xcconfig"; sourceTree = "<group>"; };
/* End PBXFileReference section */

/* Begin PBXFrameworksBuildPhase section */
		A670081E2332DE25000C632C /* Frameworks */ = {
			isa = PBXFrameworksBuildPhase;
			buildActionMask = 2147483647;
			files = (
				8B042BD99317D0FA0DA38194 /* Pods_UNIP_Plus.framework in Frameworks */,
			);
			runOnlyForDeploymentPostprocessing = 0;
		};
		A67008322332DE25000C632C /* Frameworks */ = {
			isa = PBXFrameworksBuildPhase;
			buildActionMask = 2147483647;
			files = (
				A289EAF519BEB974ACAD8F6D /* Pods_UNIP_PlusTests.framework in Frameworks */,
			);
			runOnlyForDeploymentPostprocessing = 0;
		};
/* End PBXFrameworksBuildPhase section */

/* Begin PBXGroup section */
		63A80E3F03855D4B42BBD2E0 /* Frameworks */ = {
			isa = PBXGroup;
			children = (
				338E027C2D4D750196B2E673 /* Pods_UNIP_Plus.framework */,
				5B3A8B7C07F25630E5BBC420 /* Pods_UNIP_PlusTests.framework */,
			);
			name = Frameworks;
			sourceTree = "<group>";
		};
		A616356D2333D3C000177DFD /* Modules */ = {
			isa = PBXGroup;
			children = (
				A61635962335031E00177DFD /* Academic Records */,
				A61635842333EA0000177DFD /* Payments */,
				A61635822333E9ED00177DFD /* Disciplines */,
				A61635732333D42500177DFD /* Home */,
				A61635722333D41C00177DFD /* Login */,
			);
			path = Modules;
			sourceTree = "<group>";
		};
		A616356E2333D3CB00177DFD /* Network */ = {
			isa = PBXGroup;
			children = (
				A6F211962416C3B000CA2C84 /* UnipPlusApiClient.swift */,
			);
			path = Network;
			sourceTree = "<group>";
		};
		A61635722333D41C00177DFD /* Login */ = {
			isa = PBXGroup;
			children = (
				A6F211A52416E2B000CA2C84 /* Models */,
				A61635752333D47500177DFD /* View */,
				A616358B233429C000177DFD /* LoginCoordinator.swift */,
				A616357E2333D6BC00177DFD /* LoginViewModel.swift */,
			);
			path = Login;
			sourceTree = "<group>";
		};
		A61635732333D42500177DFD /* Home */ = {
			isa = PBXGroup;
			children = (
				A6BD96C5233A9AFF0046E7C5 /* Modules */,
				A61635832333E9F600177DFD /* View */,
				A61635942334315500177DFD /* HomeCoordinator.swift */,
				A61635AA23354D5A00177DFD /* HomeViewModel.swift */,
			);
			path = Home;
			sourceTree = "<group>";
		};
		A61635752333D47500177DFD /* View */ = {
			isa = PBXGroup;
			children = (
				A61635762333D4AF00177DFD /* LoginViewController.swift */,
				A61635772333D4AF00177DFD /* LoginViewController.xib */,
			);
			path = View;
			sourceTree = "<group>";
		};
		A61635822333E9ED00177DFD /* Disciplines */ = {
			isa = PBXGroup;
			children = (
				A6B187CC233D439C00233F4C /* Models */,
				A61635982335033000177DFD /* View */,
				A61635AC23354D8300177DFD /* DisciplinesViewModel.swift */,
			);
			path = Disciplines;
			sourceTree = "<group>";
		};
		A61635832333E9F600177DFD /* View */ = {
			isa = PBXGroup;
			children = (
				A61635902334313F00177DFD /* HomeViewController.swift */,
				A61635A62335401A00177DFD /* HomeViewController.xib */,
			);
			path = View;
			sourceTree = "<group>";
		};
		A61635842333EA0000177DFD /* Payments */ = {
			isa = PBXGroup;
			children = (
				A6E313E3233D574300841A01 /* Models */,
				A61635992335033500177DFD /* View */,
				A61635AE23354DB300177DFD /* PaymentsViewModel.swift */,
			);
			path = Payments;
			sourceTree = "<group>";
		};
		A61635882334293100177DFD /* Bases */ = {
			isa = PBXGroup;
			children = (
				A6B187C8233D341200233F4C /* BaseUITableView.swift */,
				A61635892334295500177DFD /* BaseCoordinator.swift */,
				A616358D23342C2600177DFD /* BaseViewController.swift */,
				A61635A82335407400177DFD /* BaseViewModel.swift */,
				A6B187C5233D063A00233F4C /* BaseUIPageView.swift */,
				A6F2117B241342F800CA2C84 /* BaseModel.swift */,
				A6F2117E24146FB300CA2C84 /* BaseAdapter.swift */,
			);
			path = Bases;
			sourceTree = "<group>";
		};
		A61635962335031E00177DFD /* Academic Records */ = {
			isa = PBXGroup;
			children = (
				A6F3484E233D611D0088C15A /* Models */,
				A61635972335032700177DFD /* View */,
				A61635B023354DDB00177DFD /* AcademicRecordsViewModel.swift */,
			);
			path = "Academic Records";
			sourceTree = "<group>";
		};
		A61635972335032700177DFD /* View */ = {
			isa = PBXGroup;
			children = (
				A616359E2335049C00177DFD /* AcademicRecordsViewController.swift */,
				A616359F2335049C00177DFD /* AcademicRecordsViewController.xib */,
			);
			path = View;
			sourceTree = "<group>";
		};
		A61635982335033000177DFD /* View */ = {
			isa = PBXGroup;
			children = (
				A6BD96AA2339470E0046E7C5 /* UI */,
				A616359A2335038A00177DFD /* DisciplinesViewController.swift */,
				A616359B2335038A00177DFD /* DisciplinesViewController.xib */,
			);
			path = View;
			sourceTree = "<group>";
		};
		A61635992335033500177DFD /* View */ = {
			isa = PBXGroup;
			children = (
				A65D72CE233C0A3600C72007 /* UI */,
				A61635A22335051500177DFD /* PaymentsViewController.swift */,
				A61635A32335051500177DFD /* PaymentsViewController.xib */,
			);
			path = View;
			sourceTree = "<group>";
		};
		A61635B2233565FF00177DFD /* Extensions */ = {
			isa = PBXGroup;
			children = (
				A61635B32335661700177DFD /* UIViewControllerExtension.swift */,
				A6BD96B3233949A20046E7C5 /* UITableViewExtension.swift */,
				A6BD96B523394F3B0046E7C5 /* DictionaryExtension.swift */,
			);
			path = Extensions;
			sourceTree = "<group>";
		};
		A65D72CE233C0A3600C72007 /* UI */ = {
			isa = PBXGroup;
			children = (
				A65D72CF233C0A5500C72007 /* PaymentCell.swift */,
				A65D72D0233C0A5500C72007 /* PaymentCell.xib */,
				A65D72D3233C0A8000C72007 /* PaymentsSectionView.swift */,
				A65D72D5233C0A9800C72007 /* PaymentsSectionView.xib */,
			);
			path = UI;
			sourceTree = "<group>";
		};
		A66B06D324031A2900FA47E0 /* View */ = {
			isa = PBXGroup;
			children = (
				A66B06D424031A6B00FA47E0 /* GoogleAdTableViewCell.swift */,
				A66B06D524031A6B00FA47E0 /* GoogleAdTableViewCell.xib */,
			);
			path = View;
			sourceTree = "<group>";
		};
		A67008182332DE25000C632C = {
			isa = PBXGroup;
			children = (
				A67008232332DE25000C632C /* UNIP Plus */,
				A67008382332DE25000C632C /* UNIP PlusTests */,
				A67008222332DE25000C632C /* Products */,
				A7716ECFA1B2564F8C2648A0 /* Pods */,
				63A80E3F03855D4B42BBD2E0 /* Frameworks */,
			);
			sourceTree = "<group>";
		};
		A67008222332DE25000C632C /* Products */ = {
			isa = PBXGroup;
			children = (
				A67008212332DE25000C632C /* UNIP Plus.app */,
				A67008352332DE25000C632C /* UNIP PlusTests.xctest */,
			);
			name = Products;
			sourceTree = "<group>";
		};
		A67008232332DE25000C632C /* UNIP Plus */ = {
			isa = PBXGroup;
			children = (
				A6F211952416C39400CA2C84 /* Aws */,
				A698D2AF239865B000E2A120 /* Google */,
				A6ADD831237C4B3E001DD764 /* Mocks */,
				A6DF589E234C110400055003 /* Repository */,
				A6F3484F233D62470088C15A /* Utils */,
				A6BD96A1233914CF0046E7C5 /* Common */,
				A6BD969E2339115E0046E7C5 /* Resources */,
				A61635B2233565FF00177DFD /* Extensions */,
				A61635882334293100177DFD /* Bases */,
				A61635852333EAE700177DFD /* GoogleService-Info.plist */,
				A67008302332DE25000C632C /* Info.plist */,
				A616357C2333D56F00177DFD /* SplashScreen.xib */,
				A67008242332DE25000C632C /* AppDelegate.swift */,
				A616356E2333D3CB00177DFD /* Network */,
				A616356D2333D3C000177DFD /* Modules */,
				A6F211992416C40600CA2C84 /* UNIP Plus-Bridging-Header.h */,
				A6F2119A2416C40600CA2C84 /* UNIP PlusTests-Bridging-Header.h */,
			);
			path = "UNIP Plus";
			sourceTree = "<group>";
		};
		A67008382332DE25000C632C /* UNIP PlusTests */ = {
			isa = PBXGroup;
			children = (
				A67008392332DE25000C632C /* UNIP_PlusTests.swift */,
				A670083B2332DE25000C632C /* Info.plist */,
				A6F211A32416CC8400CA2C84 /* UnipPlusApiClientTests.swift */,
			);
			path = "UNIP PlusTests";
			sourceTree = "<group>";
		};
		A698D2AF239865B000E2A120 /* Google */ = {
			isa = PBXGroup;
			children = (
				A66B06D324031A2900FA47E0 /* View */,
				A698D2B0239865CD00E2A120 /* GoogleAdsManager.swift */,
				A698D2B2239865E100E2A120 /* GoogleAnalyticsManager.swift */,
				A698D2B42398662800E2A120 /* GoogleRemoteManager.swift */,
			);
			path = Google;
			sourceTree = "<group>";
		};
		A6ADD831237C4B3E001DD764 /* Mocks */ = {
			isa = PBXGroup;
			children = (
				A6ADD832237C4B66001DD764 /* UserInfo.json */,
				A6ADD835237C4B92001DD764 /* Grades.json */,
				A6ADD838237C4BB6001DD764 /* Payments.json */,
				A6ADD83B237C4BE9001DD764 /* AcademicRecords.json */,
			);
			path = Mocks;
			sourceTree = "<group>";
		};
		A6B187CC233D439C00233F4C /* Models */ = {
			isa = PBXGroup;
			children = (
				A6B187CA233D437700233F4C /* Disciplines.swift */,
				A6B187CD233D43B900233F4C /* GradesGroup.swift */,
				A6B187CF233D43D800233F4C /* Grade.swift */,
				A6B187D4233D465D00233F4C /* GradeStatus.swift */,
			);
			path = Models;
			sourceTree = "<group>";
		};
		A6B187D1233D445000233F4C /* Model */ = {
			isa = PBXGroup;
			children = (
				A6B187D2233D446100233F4C /* Message.swift */,
				A6DF589F234C112F00055003 /* UserConfiguration.swift */,
			);
			path = Model;
			sourceTree = "<group>";
		};
		A6BD969E2339115E0046E7C5 /* Resources */ = {
			isa = PBXGroup;
			children = (
				A6DF58A3234C178D00055003 /* Themes */,
				A670082B2332DE25000C632C /* Assets.xcassets */,
				A6DF589A234C0FCE00055003 /* Colors.xcassets */,
			);
			path = Resources;
			sourceTree = "<group>";
		};
		A6BD96A1233914CF0046E7C5 /* Common */ = {
			isa = PBXGroup;
			children = (
				A6B187D1233D445000233F4C /* Model */,
				A6468FC4234CBE2E00B867AA /* BackgroudView.swift */,
			);
			path = Common;
			sourceTree = "<group>";
		};
		A6BD96AA2339470E0046E7C5 /* UI */ = {
			isa = PBXGroup;
			children = (
				A6BD96AB233947410046E7C5 /* DisciplineCell.swift */,
				A6BD96AC233947410046E7C5 /* DisciplineCell.xib */,
				A6BD96AF233947700046E7C5 /* DisciplinesSectionView.swift */,
				A6BD96B1233947800046E7C5 /* DisciplinesSectionView.xib */,
				A633DE93237CB17C00629D64 /* SemesterStatusView.swift */,
				A633DE95237CB19300629D64 /* SemesterStatusView.xib */,
			);
			path = UI;
			sourceTree = "<group>";
		};
		A6BD96B7233A90510046E7C5 /* Menu */ = {
			isa = PBXGroup;
			children = (
				A6BD96B8233A90590046E7C5 /* View */,
			);
			path = Menu;
			sourceTree = "<group>";
		};
		A6BD96B8233A90590046E7C5 /* View */ = {
			isa = PBXGroup;
			children = (
				A65D72C4233AB78500C72007 /* MenuViewController.swift */,
				A65D72C5233AB78500C72007 /* MenuViewController.xib */,
			);
			path = View;
			sourceTree = "<group>";
		};
		A6BD96C5233A9AFF0046E7C5 /* Modules */ = {
			isa = PBXGroup;
			children = (
				A6BD96B7233A90510046E7C5 /* Menu */,
			);
			path = Modules;
			sourceTree = "<group>";
		};
		A6DF589E234C110400055003 /* Repository */ = {
			isa = PBXGroup;
			children = (
				A6DF58A1234C11B900055003 /* UserRepository.swift */,
			);
			path = Repository;
			sourceTree = "<group>";
		};
		A6DF58A3234C178D00055003 /* Themes */ = {
			isa = PBXGroup;
			children = (
				A69CD122235783E300A6039C /* Theme.swift */,
			);
			path = Themes;
			sourceTree = "<group>";
		};
		A6E313E3233D574300841A01 /* Models */ = {
			isa = PBXGroup;
			children = (
				A6E313E4233D575B00841A01 /* PaymentsInfo.swift */,
				A6E313E6233D577E00841A01 /* PaymentsGroup.swift */,
				A6E313E8233D57A000841A01 /* Payment.swift */,
			);
			path = Models;
			sourceTree = "<group>";
		};
		A6F211952416C39400CA2C84 /* Aws */ = {
			isa = PBXGroup;
			children = (
				A6F2119F2416C44100CA2C84 /* AWSApiGatewayBridge.h */,
			);
			path = Aws;
			sourceTree = "<group>";
		};
		A6F211A52416E2B000CA2C84 /* Models */ = {
			isa = PBXGroup;
			children = (
				A6E313E1233D4F2400841A01 /* LoginResponse.swift */,
				A6F211A62416E2C500CA2C84 /* Credentials.swift */,
			);
			path = Models;
			sourceTree = "<group>";
		};
		A6F3484E233D611D0088C15A /* Models */ = {
			isa = PBXGroup;
			children = (
			);
			path = Models;
			sourceTree = "<group>";
		};
		A6F3484F233D62470088C15A /* Utils */ = {
			isa = PBXGroup;
			children = (
				A6F34850233D626F0088C15A /* JSONHelper.swift */,
			);
			path = Utils;
			sourceTree = "<group>";
		};
		A7716ECFA1B2564F8C2648A0 /* Pods */ = {
			isa = PBXGroup;
			children = (
				17F5DB1F015CDC3BC3595726 /* Pods-UNIP Plus.debug.xcconfig */,
				39C8CD721DF6224787DB5AF2 /* Pods-UNIP Plus.release.xcconfig */,
				4C809124FC9ABEC9A3D4A6BA /* Pods-UNIP PlusTests.debug.xcconfig */,
				AF28D265D2EEE085B25F3E57 /* Pods-UNIP PlusTests.release.xcconfig */,
			);
			name = Pods;
			sourceTree = "<group>";
		};
/* End PBXGroup section */

/* Begin PBXNativeTarget section */
		A67008202332DE25000C632C /* UNIP Plus */ = {
			isa = PBXNativeTarget;
			buildConfigurationList = A670083E2332DE25000C632C /* Build configuration list for PBXNativeTarget "UNIP Plus" */;
			buildPhases = (
				BF670857CCD490A548B688B2 /* [CP] Check Pods Manifest.lock */,
				A670081D2332DE25000C632C /* Sources */,
				A670081E2332DE25000C632C /* Frameworks */,
				A670081F2332DE25000C632C /* Resources */,
				3161F9B1C392ECC073011746 /* [CP] Embed Pods Frameworks */,
			);
			buildRules = (
			);
			dependencies = (
			);
			name = "UNIP Plus";
			productName = "UNIP Plus";
			productReference = A67008212332DE25000C632C /* UNIP Plus.app */;
			productType = "com.apple.product-type.application";
		};
		A67008342332DE25000C632C /* UNIP PlusTests */ = {
			isa = PBXNativeTarget;
			buildConfigurationList = A67008412332DE25000C632C /* Build configuration list for PBXNativeTarget "UNIP PlusTests" */;
			buildPhases = (
				35D4EBAA4DAAF88B66BE426B /* [CP] Check Pods Manifest.lock */,
				A67008312332DE25000C632C /* Sources */,
				A67008322332DE25000C632C /* Frameworks */,
				A67008332332DE25000C632C /* Resources */,
			);
			buildRules = (
			);
			dependencies = (
				A67008372332DE25000C632C /* PBXTargetDependency */,
			);
			name = "UNIP PlusTests";
			productName = "UNIP PlusTests";
			productReference = A67008352332DE25000C632C /* UNIP PlusTests.xctest */;
			productType = "com.apple.product-type.bundle.unit-test";
		};
/* End PBXNativeTarget section */

/* Begin PBXProject section */
		A67008192332DE25000C632C /* Project object */ = {
			isa = PBXProject;
			attributes = {
				LastSwiftUpdateCheck = 1030;
				LastUpgradeCheck = 1030;
				ORGANIZATIONNAME = "Mobile Class";
				TargetAttributes = {
					A67008202332DE25000C632C = {
						CreatedOnToolsVersion = 10.3;
						LastSwiftMigration = 1130;
					};
					A67008342332DE25000C632C = {
						CreatedOnToolsVersion = 10.3;
						LastSwiftMigration = 1130;
						TestTargetID = A67008202332DE25000C632C;
					};
				};
			};
			buildConfigurationList = A670081C2332DE25000C632C /* Build configuration list for PBXProject "UNIP Plus" */;
			compatibilityVersion = "Xcode 9.3";
			developmentRegion = en;
			hasScannedForEncodings = 0;
			knownRegions = (
				en,
				Base,
			);
			mainGroup = A67008182332DE25000C632C;
			productRefGroup = A67008222332DE25000C632C /* Products */;
			projectDirPath = "";
			projectRoot = "";
			targets = (
				A67008202332DE25000C632C /* UNIP Plus */,
				A67008342332DE25000C632C /* UNIP PlusTests */,
			);
		};
/* End PBXProject section */

/* Begin PBXResourcesBuildPhase section */
		A670081F2332DE25000C632C /* Resources */ = {
			isa = PBXResourcesBuildPhase;
			buildActionMask = 2147483647;
			files = (
				A65D72D2233C0A5500C72007 /* PaymentCell.xib in Resources */,
				A616357D2333D56F00177DFD /* SplashScreen.xib in Resources */,
				A61635862333EAE700177DFD /* GoogleService-Info.plist in Resources */,
				A61635A52335051500177DFD /* PaymentsViewController.xib in Resources */,
				A670082C2332DE25000C632C /* Assets.xcassets in Resources */,
				A6ADD839237C4BB6001DD764 /* Payments.json in Resources */,
				A6ADD83C237C4BE9001DD764 /* AcademicRecords.json in Resources */,
				A6BD96B2233947800046E7C5 /* DisciplinesSectionView.xib in Resources */,
				A616359D2335038A00177DFD /* DisciplinesViewController.xib in Resources */,
				A65D72C7233AB78500C72007 /* MenuViewController.xib in Resources */,
				A6ADD833237C4B66001DD764 /* UserInfo.json in Resources */,
				A66B06D724031A6B00FA47E0 /* GoogleAdTableViewCell.xib in Resources */,
				A6ADD836237C4B92001DD764 /* Grades.json in Resources */,
				A616357A2333D4AF00177DFD /* LoginViewController.xib in Resources */,
				A61635A12335049C00177DFD /* AcademicRecordsViewController.xib in Resources */,
				A65D72D6233C0A9800C72007 /* PaymentsSectionView.xib in Resources */,
				A633DE96237CB19300629D64 /* SemesterStatusView.xib in Resources */,
				A61635A72335401A00177DFD /* HomeViewController.xib in Resources */,
				A6BD96AE233947410046E7C5 /* DisciplineCell.xib in Resources */,
				A6DF589B234C0FCE00055003 /* Colors.xcassets in Resources */,
			);
			runOnlyForDeploymentPostprocessing = 0;
		};
		A67008332332DE25000C632C /* Resources */ = {
			isa = PBXResourcesBuildPhase;
			buildActionMask = 2147483647;
			files = (
				A6ADD834237C4B66001DD764 /* UserInfo.json in Resources */,
				A61635872333EAE700177DFD /* GoogleService-Info.plist in Resources */,
				A6ADD83A237C4BB6001DD764 /* Payments.json in Resources */,
				A6ADD837237C4B92001DD764 /* Grades.json in Resources */,
				A6ADD83D237C4BE9001DD764 /* AcademicRecords.json in Resources */,
			);
			runOnlyForDeploymentPostprocessing = 0;
		};
/* End PBXResourcesBuildPhase section */

/* Begin PBXShellScriptBuildPhase section */
		3161F9B1C392ECC073011746 /* [CP] Embed Pods Frameworks */ = {
			isa = PBXShellScriptBuildPhase;
			buildActionMask = 2147483647;
			files = (
			);
			inputFileListPaths = (
				"${PODS_ROOT}/Target Support Files/Pods-UNIP Plus/Pods-UNIP Plus-frameworks-${CONFIGURATION}-input-files.xcfilelist",
			);
			name = "[CP] Embed Pods Frameworks";
			outputFileListPaths = (
				"${PODS_ROOT}/Target Support Files/Pods-UNIP Plus/Pods-UNIP Plus-frameworks-${CONFIGURATION}-output-files.xcfilelist",
			);
			runOnlyForDeploymentPostprocessing = 0;
			shellPath = /bin/sh;
			shellScript = "\"${PODS_ROOT}/Target Support Files/Pods-UNIP Plus/Pods-UNIP Plus-frameworks.sh\"\n";
			showEnvVarsInLog = 0;
		};
		35D4EBAA4DAAF88B66BE426B /* [CP] Check Pods Manifest.lock */ = {
			isa = PBXShellScriptBuildPhase;
			buildActionMask = 2147483647;
			files = (
			);
			inputFileListPaths = (
			);
			inputPaths = (
				"${PODS_PODFILE_DIR_PATH}/Podfile.lock",
				"${PODS_ROOT}/Manifest.lock",
			);
			name = "[CP] Check Pods Manifest.lock";
			outputFileListPaths = (
			);
			outputPaths = (
				"$(DERIVED_FILE_DIR)/Pods-UNIP PlusTests-checkManifestLockResult.txt",
			);
			runOnlyForDeploymentPostprocessing = 0;
			shellPath = /bin/sh;
			shellScript = "diff \"${PODS_PODFILE_DIR_PATH}/Podfile.lock\" \"${PODS_ROOT}/Manifest.lock\" > /dev/null\nif [ $? != 0 ] ; then\n    # print error to STDERR\n    echo \"error: The sandbox is not in sync with the Podfile.lock. Run 'pod install' or update your CocoaPods installation.\" >&2\n    exit 1\nfi\n# This output is used by Xcode 'outputs' to avoid re-running this script phase.\necho \"SUCCESS\" > \"${SCRIPT_OUTPUT_FILE_0}\"\n";
			showEnvVarsInLog = 0;
		};
		BF670857CCD490A548B688B2 /* [CP] Check Pods Manifest.lock */ = {
			isa = PBXShellScriptBuildPhase;
			buildActionMask = 2147483647;
			files = (
			);
			inputFileListPaths = (
			);
			inputPaths = (
				"${PODS_PODFILE_DIR_PATH}/Podfile.lock",
				"${PODS_ROOT}/Manifest.lock",
			);
			name = "[CP] Check Pods Manifest.lock";
			outputFileListPaths = (
			);
			outputPaths = (
				"$(DERIVED_FILE_DIR)/Pods-UNIP Plus-checkManifestLockResult.txt",
			);
			runOnlyForDeploymentPostprocessing = 0;
			shellPath = /bin/sh;
			shellScript = "diff \"${PODS_PODFILE_DIR_PATH}/Podfile.lock\" \"${PODS_ROOT}/Manifest.lock\" > /dev/null\nif [ $? != 0 ] ; then\n    # print error to STDERR\n    echo \"error: The sandbox is not in sync with the Podfile.lock. Run 'pod install' or update your CocoaPods installation.\" >&2\n    exit 1\nfi\n# This output is used by Xcode 'outputs' to avoid re-running this script phase.\necho \"SUCCESS\" > \"${SCRIPT_OUTPUT_FILE_0}\"\n";
			showEnvVarsInLog = 0;
		};
/* End PBXShellScriptBuildPhase section */

/* Begin PBXSourcesBuildPhase section */
		A670081D2332DE25000C632C /* Sources */ = {
			isa = PBXSourcesBuildPhase;
			buildActionMask = 2147483647;
			files = (
				A6B187C6233D063A00233F4C /* BaseUIPageView.swift in Sources */,
				A61635782333D4AF00177DFD /* LoginViewController.swift in Sources */,
				A65D72D4233C0A8000C72007 /* PaymentsSectionView.swift in Sources */,
				A6B187D3233D446100233F4C /* Message.swift in Sources */,
				A616358A2334295500177DFD /* BaseCoordinator.swift in Sources */,
				A61635AD23354D8300177DFD /* DisciplinesViewModel.swift in Sources */,
				A61635A42335051500177DFD /* PaymentsViewController.swift in Sources */,
				A6BD96B4233949A20046E7C5 /* UITableViewExtension.swift in Sources */,
				A6B187D0233D43D800233F4C /* Grade.swift in Sources */,
				A61635B123354DDB00177DFD /* AcademicRecordsViewModel.swift in Sources */,
				A61635A92335407400177DFD /* BaseViewModel.swift in Sources */,
				A61635A02335049C00177DFD /* AcademicRecordsViewController.swift in Sources */,
				A6E313E7233D577E00841A01 /* PaymentsGroup.swift in Sources */,
				A6E313E9233D57A000841A01 /* Payment.swift in Sources */,
				A633DE94237CB17C00629D64 /* SemesterStatusView.swift in Sources */,
				A6B187CB233D437700233F4C /* Disciplines.swift in Sources */,
				A65D72C6233AB78500C72007 /* MenuViewController.swift in Sources */,
				A6F2117C241342F800CA2C84 /* BaseModel.swift in Sources */,
				A6DF58A0234C112F00055003 /* UserConfiguration.swift in Sources */,
				A6BD96B0233947700046E7C5 /* DisciplinesSectionView.swift in Sources */,
				A616358C233429C000177DFD /* LoginCoordinator.swift in Sources */,
				A6B187D5233D465D00233F4C /* GradeStatus.swift in Sources */,
				A6B187CE233D43B900233F4C /* GradesGroup.swift in Sources */,
				A698D2B3239865E100E2A120 /* GoogleAnalyticsManager.swift in Sources */,
				A6468FC5234CBE2E00B867AA /* BackgroudView.swift in Sources */,
				A61635922334313F00177DFD /* HomeViewController.swift in Sources */,
				A616358E23342C2600177DFD /* BaseViewController.swift in Sources */,
				A6F211972416C3B000CA2C84 /* UnipPlusApiClient.swift in Sources */,
				A61635952334315500177DFD /* HomeCoordinator.swift in Sources */,
				A698D2B52398662800E2A120 /* GoogleRemoteManager.swift in Sources */,
				A69CD123235783E300A6039C /* Theme.swift in Sources */,
				A616357F2333D6BC00177DFD /* LoginViewModel.swift in Sources */,
				A6E313E5233D575B00841A01 /* PaymentsInfo.swift in Sources */,
				A6F34851233D626F0088C15A /* JSONHelper.swift in Sources */,
				A6DF58A2234C11B900055003 /* UserRepository.swift in Sources */,
				A698D2B1239865CD00E2A120 /* GoogleAdsManager.swift in Sources */,
				A6BD96B623394F3B0046E7C5 /* DictionaryExtension.swift in Sources */,
				A67008252332DE25000C632C /* AppDelegate.swift in Sources */,
				A6F211A72416E2C500CA2C84 /* Credentials.swift in Sources */,
				A65D72D1233C0A5500C72007 /* PaymentCell.swift in Sources */,
				A6BD96AD233947410046E7C5 /* DisciplineCell.swift in Sources */,
				A6F2117F24146FB300CA2C84 /* BaseAdapter.swift in Sources */,
				A6B187C9233D341200233F4C /* BaseUITableView.swift in Sources */,
				A6E313E2233D4F2400841A01 /* LoginResponse.swift in Sources */,
				A66B06D624031A6B00FA47E0 /* GoogleAdTableViewCell.swift in Sources */,
				A61635B42335661700177DFD /* UIViewControllerExtension.swift in Sources */,
				A61635AF23354DB300177DFD /* PaymentsViewModel.swift in Sources */,
				A61635AB23354D5A00177DFD /* HomeViewModel.swift in Sources */,
				A616359C2335038A00177DFD /* DisciplinesViewController.swift in Sources */,
			);
			runOnlyForDeploymentPostprocessing = 0;
		};
		A67008312332DE25000C632C /* Sources */ = {
			isa = PBXSourcesBuildPhase;
			buildActionMask = 2147483647;
			files = (
				A6F211A42416CC8400CA2C84 /* UnipPlusApiClientTests.swift in Sources */,
				A6F2117D241342F800CA2C84 /* BaseModel.swift in Sources */,
				A6F211A82416E2C500CA2C84 /* Credentials.swift in Sources */,
				A6F211A92416E34A00CA2C84 /* LoginResponse.swift in Sources */,
				A670083A2332DE25000C632C /* UNIP_PlusTests.swift in Sources */,
			);
			runOnlyForDeploymentPostprocessing = 0;
		};
/* End PBXSourcesBuildPhase section */

/* Begin PBXTargetDependency section */
		A67008372332DE25000C632C /* PBXTargetDependency */ = {
			isa = PBXTargetDependency;
			target = A67008202332DE25000C632C /* UNIP Plus */;
			targetProxy = A67008362332DE25000C632C /* PBXContainerItemProxy */;
		};
/* End PBXTargetDependency section */

/* Begin XCBuildConfiguration section */
		A670083C2332DE25000C632C /* Debug */ = {
			isa = XCBuildConfiguration;
			buildSettings = {
				ALWAYS_SEARCH_USER_PATHS = NO;
				CLANG_ANALYZER_NONNULL = YES;
				CLANG_ANALYZER_NUMBER_OBJECT_CONVERSION = YES_AGGRESSIVE;
				CLANG_CXX_LANGUAGE_STANDARD = "gnu++14";
				CLANG_CXX_LIBRARY = "libc++";
				CLANG_ENABLE_MODULES = YES;
				CLANG_ENABLE_OBJC_ARC = YES;
				CLANG_ENABLE_OBJC_WEAK = YES;
				CLANG_WARN_BLOCK_CAPTURE_AUTORELEASING = YES;
				CLANG_WARN_BOOL_CONVERSION = YES;
				CLANG_WARN_COMMA = YES;
				CLANG_WARN_CONSTANT_CONVERSION = YES;
				CLANG_WARN_DEPRECATED_OBJC_IMPLEMENTATIONS = YES;
				CLANG_WARN_DIRECT_OBJC_ISA_USAGE = YES_ERROR;
				CLANG_WARN_DOCUMENTATION_COMMENTS = YES;
				CLANG_WARN_EMPTY_BODY = YES;
				CLANG_WARN_ENUM_CONVERSION = YES;
				CLANG_WARN_INFINITE_RECURSION = YES;
				CLANG_WARN_INT_CONVERSION = YES;
				CLANG_WARN_NON_LITERAL_NULL_CONVERSION = YES;
				CLANG_WARN_OBJC_IMPLICIT_RETAIN_SELF = YES;
				CLANG_WARN_OBJC_LITERAL_CONVERSION = YES;
				CLANG_WARN_OBJC_ROOT_CLASS = YES_ERROR;
				CLANG_WARN_RANGE_LOOP_ANALYSIS = YES;
				CLANG_WARN_STRICT_PROTOTYPES = YES;
				CLANG_WARN_SUSPICIOUS_MOVE = YES;
				CLANG_WARN_UNGUARDED_AVAILABILITY = YES_AGGRESSIVE;
				CLANG_WARN_UNREACHABLE_CODE = YES;
				CLANG_WARN__DUPLICATE_METHOD_MATCH = YES;
				CODE_SIGN_IDENTITY = "iPhone Developer";
				COPY_PHASE_STRIP = NO;
				DEBUG_INFORMATION_FORMAT = dwarf;
				ENABLE_STRICT_OBJC_MSGSEND = YES;
				ENABLE_TESTABILITY = YES;
				GCC_C_LANGUAGE_STANDARD = gnu11;
				GCC_DYNAMIC_NO_PIC = NO;
				GCC_NO_COMMON_BLOCKS = YES;
				GCC_OPTIMIZATION_LEVEL = 0;
				GCC_PREPROCESSOR_DEFINITIONS = (
					"DEBUG=1",
					"$(inherited)",
				);
				GCC_WARN_64_TO_32_BIT_CONVERSION = YES;
				GCC_WARN_ABOUT_RETURN_TYPE = YES_ERROR;
				GCC_WARN_UNDECLARED_SELECTOR = YES;
				GCC_WARN_UNINITIALIZED_AUTOS = YES_AGGRESSIVE;
				GCC_WARN_UNUSED_FUNCTION = YES;
				GCC_WARN_UNUSED_VARIABLE = YES;
				IPHONEOS_DEPLOYMENT_TARGET = 12.4;
				MTL_ENABLE_DEBUG_INFO = INCLUDE_SOURCE;
				MTL_FAST_MATH = YES;
				ONLY_ACTIVE_ARCH = YES;
				SDKROOT = iphoneos;
				SWIFT_ACTIVE_COMPILATION_CONDITIONS = DEBUG;
				SWIFT_OPTIMIZATION_LEVEL = "-Onone";
				USER_HEADER_SEARCH_PATHS = "";
			};
			name = Debug;
		};
		A670083D2332DE25000C632C /* Release */ = {
			isa = XCBuildConfiguration;
			buildSettings = {
				ALWAYS_SEARCH_USER_PATHS = NO;
				CLANG_ANALYZER_NONNULL = YES;
				CLANG_ANALYZER_NUMBER_OBJECT_CONVERSION = YES_AGGRESSIVE;
				CLANG_CXX_LANGUAGE_STANDARD = "gnu++14";
				CLANG_CXX_LIBRARY = "libc++";
				CLANG_ENABLE_MODULES = YES;
				CLANG_ENABLE_OBJC_ARC = YES;
				CLANG_ENABLE_OBJC_WEAK = YES;
				CLANG_WARN_BLOCK_CAPTURE_AUTORELEASING = YES;
				CLANG_WARN_BOOL_CONVERSION = YES;
				CLANG_WARN_COMMA = YES;
				CLANG_WARN_CONSTANT_CONVERSION = YES;
				CLANG_WARN_DEPRECATED_OBJC_IMPLEMENTATIONS = YES;
				CLANG_WARN_DIRECT_OBJC_ISA_USAGE = YES_ERROR;
				CLANG_WARN_DOCUMENTATION_COMMENTS = YES;
				CLANG_WARN_EMPTY_BODY = YES;
				CLANG_WARN_ENUM_CONVERSION = YES;
				CLANG_WARN_INFINITE_RECURSION = YES;
				CLANG_WARN_INT_CONVERSION = YES;
				CLANG_WARN_NON_LITERAL_NULL_CONVERSION = YES;
				CLANG_WARN_OBJC_IMPLICIT_RETAIN_SELF = YES;
				CLANG_WARN_OBJC_LITERAL_CONVERSION = YES;
				CLANG_WARN_OBJC_ROOT_CLASS = YES_ERROR;
				CLANG_WARN_RANGE_LOOP_ANALYSIS = YES;
				CLANG_WARN_STRICT_PROTOTYPES = YES;
				CLANG_WARN_SUSPICIOUS_MOVE = YES;
				CLANG_WARN_UNGUARDED_AVAILABILITY = YES_AGGRESSIVE;
				CLANG_WARN_UNREACHABLE_CODE = YES;
				CLANG_WARN__DUPLICATE_METHOD_MATCH = YES;
				CODE_SIGN_IDENTITY = "iPhone Developer";
				COPY_PHASE_STRIP = NO;
				DEBUG_INFORMATION_FORMAT = "dwarf-with-dsym";
				ENABLE_NS_ASSERTIONS = NO;
				ENABLE_STRICT_OBJC_MSGSEND = YES;
				GCC_C_LANGUAGE_STANDARD = gnu11;
				GCC_NO_COMMON_BLOCKS = YES;
				GCC_WARN_64_TO_32_BIT_CONVERSION = YES;
				GCC_WARN_ABOUT_RETURN_TYPE = YES_ERROR;
				GCC_WARN_UNDECLARED_SELECTOR = YES;
				GCC_WARN_UNINITIALIZED_AUTOS = YES_AGGRESSIVE;
				GCC_WARN_UNUSED_FUNCTION = YES;
				GCC_WARN_UNUSED_VARIABLE = YES;
				IPHONEOS_DEPLOYMENT_TARGET = 12.4;
				MTL_ENABLE_DEBUG_INFO = NO;
				MTL_FAST_MATH = YES;
				SDKROOT = iphoneos;
				SWIFT_COMPILATION_MODE = wholemodule;
				SWIFT_OPTIMIZATION_LEVEL = "-O";
				USER_HEADER_SEARCH_PATHS = "";
				VALIDATE_PRODUCT = YES;
			};
			name = Release;
		};
		A670083F2332DE25000C632C /* Debug */ = {
			isa = XCBuildConfiguration;
			baseConfigurationReference = 17F5DB1F015CDC3BC3595726 /* Pods-UNIP Plus.debug.xcconfig */;
			buildSettings = {
				ALWAYS_SEARCH_USER_PATHS = NO;
				ASSETCATALOG_COMPILER_APPICON_NAME = AppIcon;
				CLANG_ENABLE_MODULES = YES;
				CODE_SIGN_STYLE = Manual;
				DEVELOPMENT_TEAM = "";
				INFOPLIST_FILE = "UNIP Plus/Info.plist";
				LD_RUNPATH_SEARCH_PATHS = (
					"$(inherited)",
					"@executable_path/Frameworks",
				);
				PRODUCT_BUNDLE_IDENTIFIER = "mobileclass.UNIP-Plus";
				PRODUCT_NAME = "$(TARGET_NAME)";
				PROVISIONING_PROFILE_SPECIFIER = "";
				SWIFT_OBJC_BRIDGING_HEADER = "UNIP Plus/UNIP Plus-Bridging-Header.h";
				SWIFT_OPTIMIZATION_LEVEL = "-Onone";
				SWIFT_VERSION = 5.0;
				TARGETED_DEVICE_FAMILY = "1,2";
				USER_HEADER_SEARCH_PATHS = (
					"$(inherited)",
					"$(PODS_ROOT)/**",
					"$(HEADER_SEARCH_PATHS)/**",
				);
			};
			name = Debug;
		};
		A67008402332DE25000C632C /* Release */ = {
			isa = XCBuildConfiguration;
			baseConfigurationReference = 39C8CD721DF6224787DB5AF2 /* Pods-UNIP Plus.release.xcconfig */;
			buildSettings = {
				ALWAYS_SEARCH_USER_PATHS = NO;
				ASSETCATALOG_COMPILER_APPICON_NAME = AppIcon;
				CLANG_ENABLE_MODULES = YES;
				CODE_SIGN_STYLE = Manual;
				DEVELOPMENT_TEAM = "";
				INFOPLIST_FILE = "UNIP Plus/Info.plist";
				LD_RUNPATH_SEARCH_PATHS = (
					"$(inherited)",
					"@executable_path/Frameworks",
				);
				PRODUCT_BUNDLE_IDENTIFIER = "mobileclass.UNIP-Plus";
				PRODUCT_NAME = "$(TARGET_NAME)";
				PROVISIONING_PROFILE_SPECIFIER = "";
				SWIFT_OBJC_BRIDGING_HEADER = "UNIP Plus/UNIP Plus-Bridging-Header.h";
				SWIFT_VERSION = 5.0;
				TARGETED_DEVICE_FAMILY = "1,2";
				USER_HEADER_SEARCH_PATHS = (
					"$(inherited)",
					"$(PODS_ROOT)/**",
					"$(HEADER_SEARCH_PATHS)/**",
				);
			};
			name = Release;
		};
		A67008422332DE25000C632C /* Debug */ = {
			isa = XCBuildConfiguration;
			baseConfigurationReference = 4C809124FC9ABEC9A3D4A6BA /* Pods-UNIP PlusTests.debug.xcconfig */;
			buildSettings = {
				ALWAYS_EMBED_SWIFT_STANDARD_LIBRARIES = YES;
				BUNDLE_LOADER = "$(TEST_HOST)";
				CLANG_ENABLE_MODULES = YES;
				CODE_SIGN_STYLE = Automatic;
				INFOPLIST_FILE = "UNIP PlusTests/Info.plist";
				LD_RUNPATH_SEARCH_PATHS = (
					"$(inherited)",
					"@executable_path/Frameworks",
					"@loader_path/Frameworks",
				);
				PRODUCT_BUNDLE_IDENTIFIER = "com.mobileclass.UNIP-PlusTests";
				PRODUCT_NAME = "$(TARGET_NAME)";
				SWIFT_OBJC_BRIDGING_HEADER = "UNIP Plus/UNIP PlusTests-Bridging-Header.h";
				SWIFT_OPTIMIZATION_LEVEL = "-Onone";
				SWIFT_VERSION = 5.0;
				TARGETED_DEVICE_FAMILY = "1,2";
				TEST_HOST = "$(BUILT_PRODUCTS_DIR)/UNIP Plus.app/UNIP Plus";
			};
			name = Debug;
		};
		A67008432332DE25000C632C /* Release */ = {
			isa = XCBuildConfiguration;
			baseConfigurationReference = AF28D265D2EEE085B25F3E57 /* Pods-UNIP PlusTests.release.xcconfig */;
			buildSettings = {
				ALWAYS_EMBED_SWIFT_STANDARD_LIBRARIES = YES;
				BUNDLE_LOADER = "$(TEST_HOST)";
				CLANG_ENABLE_MODULES = YES;
				CODE_SIGN_STYLE = Automatic;
				INFOPLIST_FILE = "UNIP PlusTests/Info.plist";
				LD_RUNPATH_SEARCH_PATHS = (
					"$(inherited)",
					"@executable_path/Frameworks",
					"@loader_path/Frameworks",
				);
				PRODUCT_BUNDLE_IDENTIFIER = "com.mobileclass.UNIP-PlusTests";
				PRODUCT_NAME = "$(TARGET_NAME)";
				SWIFT_OBJC_BRIDGING_HEADER = "UNIP Plus/UNIP PlusTests-Bridging-Header.h";
				SWIFT_VERSION = 5.0;
				TARGETED_DEVICE_FAMILY = "1,2";
				TEST_HOST = "$(BUILT_PRODUCTS_DIR)/UNIP Plus.app/UNIP Plus";
			};
			name = Release;
		};
/* End XCBuildConfiguration section */

/* Begin XCConfigurationList section */
		A670081C2332DE25000C632C /* Build configuration list for PBXProject "UNIP Plus" */ = {
			isa = XCConfigurationList;
			buildConfigurations = (
				A670083C2332DE25000C632C /* Debug */,
				A670083D2332DE25000C632C /* Release */,
			);
			defaultConfigurationIsVisible = 0;
			defaultConfigurationName = Release;
		};
		A670083E2332DE25000C632C /* Build configuration list for PBXNativeTarget "UNIP Plus" */ = {
			isa = XCConfigurationList;
			buildConfigurations = (
				A670083F2332DE25000C632C /* Debug */,
				A67008402332DE25000C632C /* Release */,
			);
			defaultConfigurationIsVisible = 0;
			defaultConfigurationName = Release;
		};
		A67008412332DE25000C632C /* Build configuration list for PBXNativeTarget "UNIP PlusTests" */ = {
			isa = XCConfigurationList;
			buildConfigurations = (
				A67008422332DE25000C632C /* Debug */,
				A67008432332DE25000C632C /* Release */,
			);
			defaultConfigurationIsVisible = 0;
			defaultConfigurationName = Release;
		};
/* End XCConfigurationList section */
	};
	rootObject = A67008192332DE25000C632C /* Project object */;
}
